# THIS IS AN AUTOGENERATED FILE. DO NOT EDIT THIS FILE DIRECTLY.
# yarn lockfile v1


monaco-editor@0.14.2:
  version "0.14.2"
  resolved "https://registry.yarnpkg.com/monaco-editor/-/monaco-editor-0.14.2.tgz#6c41773639aef7ebce30202cd12a723074a88813"

ramda@^0.25.0:
  version "0.25.0"
  resolved "https://registry.yarnpkg.com/ramda/-/ramda-0.25.0.tgz#8fdf68231cffa90bc2f9460390a0cb74a29b29a9"
